
Microsoft Visual Studio Solution File, Format Version 9.00
# Visual Studio 2005
Project("{FAE04EC0-301F-11D3-BF4B-00C04F79EFBC}") = "GioiThieuIDG", "GioiThieuIDG\GioiThieuIDG.csproj", "{D18A30AD-4EAB-4301-855E-4DC4EF117B4B}"
	ProjectSection(WebsiteProperties) = preProject
		Debug.AspNetCompiler.Debug = "True"
		Release.AspNetCompiler.Debug = "False"
	EndProjectSection
EndProject
Global
	GlobalSection(SolutionConfigurationPlatforms) = preSolution
		Debug|Any CPU = Debug|Any CPU
		Release|Any CPU = Release|Any CPU
	EndGlobalSection
	GlobalSection(ProjectConfigurationPlatforms) = postSolution
		{D18A30AD-4EAB-4301-855E-4DC4EF117B4B}.Debug|Any CPU.ActiveCfg = Debug|Any CPU
		{D18A30AD-4EAB-4301-855E-4DC4EF117B4B}.Debug|Any CPU.Build.0 = Debug|Any CPU
		{D18A30AD-4EAB-4301-855E-4DC4EF117B4B}.Release|Any CPU.ActiveCfg = Release|Any CPU
		{D18A30AD-4EAB-4301-855E-4DC4EF117B4B}.Release|Any CPU.Build.0 = Release|Any CPU
	EndGlobalSection
	GlobalSection(SolutionProperties) = preSolution
		HideSolutionNode = FALSE
	EndGlobalSection
EndGlobal
