
Microsoft Visual Studio Solution File, Format Version 10.00
# Visual Studio 2008
Project("{FAE04EC0-301F-11D3-BF4B-00C04F79EFBC}") = "AdminSideLinks", "AdminSideLinks\AdminSideLinks.csproj", "{EDDB1044-AC23-4545-B44B-0AB4DACDB742}"
EndProject
Global
	GlobalSection(SolutionConfigurationPlatforms) = preSolution
		Debug|Any CPU = Debug|Any CPU
		Release|Any CPU = Release|Any CPU
	EndGlobalSection
	GlobalSection(ProjectConfigurationPlatforms) = postSolution
		{EDDB1044-AC23-4545-B44B-0AB4DACDB742}.Debug|Any CPU.ActiveCfg = Debug|Any CPU
		{EDDB1044-AC23-4545-B44B-0AB4DACDB742}.Debug|Any CPU.Build.0 = Debug|Any CPU
		{EDDB1044-AC23-4545-B44B-0AB4DACDB742}.Release|Any CPU.ActiveCfg = Release|Any CPU
		{EDDB1044-AC23-4545-B44B-0AB4DACDB742}.Release|Any CPU.Build.0 = Release|Any CPU
	EndGlobalSection
	GlobalSection(SolutionProperties) = preSolution
		HideSolutionNode = FALSE
	EndGlobalSection
EndGlobal
