
Microsoft Visual Studio Solution File, Format Version 9.00
# Visual Studio 2005
Project("{FAE04EC0-301F-11D3-BF4B-00C04F79EFBC}") = "ListTinTuc", "ListTinTuc\ListTinTuc.csproj", "{937B9E72-7EFF-4BEE-AF5A-E6E0D4822F28}"
	ProjectSection(WebsiteProperties) = preProject
		Debug.AspNetCompiler.Debug = "True"
		Release.AspNetCompiler.Debug = "False"
	EndProjectSection
EndProject
Global
	GlobalSection(SolutionConfigurationPlatforms) = preSolution
		Debug|Any CPU = Debug|Any CPU
		Release|Any CPU = Release|Any CPU
	EndGlobalSection
	GlobalSection(ProjectConfigurationPlatforms) = postSolution
		{937B9E72-7EFF-4BEE-AF5A-E6E0D4822F28}.Debug|Any CPU.ActiveCfg = Debug|Any CPU
		{937B9E72-7EFF-4BEE-AF5A-E6E0D4822F28}.Debug|Any CPU.Build.0 = Debug|Any CPU
		{937B9E72-7EFF-4BEE-AF5A-E6E0D4822F28}.Release|Any CPU.ActiveCfg = Release|Any CPU
		{937B9E72-7EFF-4BEE-AF5A-E6E0D4822F28}.Release|Any CPU.Build.0 = Release|Any CPU
	EndGlobalSection
	GlobalSection(SolutionProperties) = preSolution
		HideSolutionNode = FALSE
	EndGlobalSection
EndGlobal
