
Microsoft Visual Studio Solution File, Format Version 9.00
# Visual Studio 2005
Project("{FAE04EC0-301F-11D3-BF4B-00C04F79EFBC}") = "TinTuc", "TinTuc\TinTuc.csproj", "{7D9A7A72-2025-4958-895F-C6FADE1ED4DE}"
	ProjectSection(WebsiteProperties) = preProject
		Debug.AspNetCompiler.Debug = "True"
		Release.AspNetCompiler.Debug = "False"
	EndProjectSection
EndProject
Global
	GlobalSection(SolutionConfigurationPlatforms) = preSolution
		Debug|Any CPU = Debug|Any CPU
		Release|Any CPU = Release|Any CPU
	EndGlobalSection
	GlobalSection(ProjectConfigurationPlatforms) = postSolution
		{7D9A7A72-2025-4958-895F-C6FADE1ED4DE}.Debug|Any CPU.ActiveCfg = Debug|Any CPU
		{7D9A7A72-2025-4958-895F-C6FADE1ED4DE}.Debug|Any CPU.Build.0 = Debug|Any CPU
		{7D9A7A72-2025-4958-895F-C6FADE1ED4DE}.Release|Any CPU.ActiveCfg = Release|Any CPU
		{7D9A7A72-2025-4958-895F-C6FADE1ED4DE}.Release|Any CPU.Build.0 = Release|Any CPU
	EndGlobalSection
	GlobalSection(SolutionProperties) = preSolution
		HideSolutionNode = FALSE
	EndGlobalSection
EndGlobal
