
Microsoft Visual Studio Solution File, Format Version 9.00
# Visual Studio 2005
Project("{FAE04EC0-301F-11D3-BF4B-00C04F79EFBC}") = "DetailTinTuc", "DetailTinTuc\DetailTinTuc.csproj", "{232203E1-1225-407B-A37C-97295912916E}"
	ProjectSection(WebsiteProperties) = preProject
		Debug.AspNetCompiler.Debug = "True"
		Release.AspNetCompiler.Debug = "False"
	EndProjectSection
EndProject
Global
	GlobalSection(SolutionConfigurationPlatforms) = preSolution
		Debug|Any CPU = Debug|Any CPU
		Release|Any CPU = Release|Any CPU
	EndGlobalSection
	GlobalSection(ProjectConfigurationPlatforms) = postSolution
		{232203E1-1225-407B-A37C-97295912916E}.Debug|Any CPU.ActiveCfg = Debug|Any CPU
		{232203E1-1225-407B-A37C-97295912916E}.Debug|Any CPU.Build.0 = Debug|Any CPU
		{232203E1-1225-407B-A37C-97295912916E}.Release|Any CPU.ActiveCfg = Release|Any CPU
		{232203E1-1225-407B-A37C-97295912916E}.Release|Any CPU.Build.0 = Release|Any CPU
	EndGlobalSection
	GlobalSection(SolutionProperties) = preSolution
		HideSolutionNode = FALSE
	EndGlobalSection
EndGlobal
